// !$*UTF8*$!
{
	archiveVersion = 1;
	classes = {
	};
	objectVersion = 46;
	objects = {

/* Begin PBXBuildFile section */
		CA3CB5111B7378230056E3C9 /* imageConversion.mm in Sources */ = {isa = PBXBuildFile; fileRef = CA3CB5101B7378230056E3C9 /* imageConversion.mm */; };
		CA3CB5141B737C3C0056E3C9 /* trackerWrapper.mm in Sources */ = {isa = PBXBuildFile; fileRef = CA3CB5131B737C3C0056E3C9 /* trackerWrapper.mm */; };
		CA4E2B141B7365B7005E92C5 /* CLM.cc in Sources */ = {isa = PBXBuildFile; fileRef = CA4E2B041B7365B7005E92C5 /* CLM.cc */; };
		CA4E2B151B7365B7005E92C5 /* FCheck.cc in Sources */ = {isa = PBXBuildFile; fileRef = CA4E2B061B7365B7005E92C5 /* FCheck.cc */; };
		CA4E2B161B7365B7005E92C5 /* FDet.cc in Sources */ = {isa = PBXBuildFile; fileRef = CA4E2B081B7365B7005E92C5 /* FDet.cc */; };
		CA4E2B171B7365B7005E92C5 /* IO.cc in Sources */ = {isa = PBXBuildFile; fileRef = CA4E2B0A1B7365B7005E92C5 /* IO.cc */; };
		CA4E2B181B7365B7005E92C5 /* Patch.cc in Sources */ = {isa = PBXBuildFile; fileRef = CA4E2B0C1B7365B7005E92C5 /* Patch.cc */; };
		CA4E2B191B7365B7005E92C5 /* PAW.cc in Sources */ = {isa = PBXBuildFile; fileRef = CA4E2B0E1B7365B7005E92C5 /* PAW.cc */; };
		CA4E2B1A1B7365B7005E92C5 /* PDM.cc in Sources */ = {isa = PBXBuildFile; fileRef = CA4E2B101B7365B7005E92C5 /* PDM.cc */; };
		CA4E2B1B1B7365B7005E92C5 /* Tracker.cc in Sources */ = {isa = PBXBuildFile; fileRef = CA4E2B121B7365B7005E92C5 /* Tracker.cc */; };
		CA4E2B211B7365FD005E92C5 /* face.con in Resources */ = {isa = PBXBuildFile; fileRef = CA4E2B1D1B7365FD005E92C5 /* face.con */; };
		CA4E2B221B7365FD005E92C5 /* face.tracker in Resources */ = {isa = PBXBuildFile; fileRef = CA4E2B1E1B7365FD005E92C5 /* face.tracker */; };
		CA4E2B231B7365FD005E92C5 /* face.tri in Resources */ = {isa = PBXBuildFile; fileRef = CA4E2B1F1B7365FD005E92C5 /* face.tri */; };
		CA4E2B241B7365FD005E92C5 /* face2.tracker in Resources */ = {isa = PBXBuildFile; fileRef = CA4E2B201B7365FD005E92C5 /* face2.tracker */; };
		CA8E2ACF1B70FDB900A1EC4F /* main.m in Sources */ = {isa = PBXBuildFile; fileRef = CA8E2ACE1B70FDB900A1EC4F /* main.m */; };
		CA8E2AD21B70FDB900A1EC4F /* AppDelegate.m in Sources */ = {isa = PBXBuildFile; fileRef = CA8E2AD11B70FDB900A1EC4F /* AppDelegate.m */; };
		CA8E2AD51B70FDB900A1EC4F /* ViewController.m in Sources */ = {isa = PBXBuildFile; fileRef = CA8E2AD41B70FDB900A1EC4F /* ViewController.m */; };
		CA8E2ADA1B70FDB900A1EC4F /* Images.xcassets in Resources */ = {isa = PBXBuildFile; fileRef = CA8E2AD91B70FDB900A1EC4F /* Images.xcassets */; };
		CA8E2ADD1B70FDB900A1EC4F /* LaunchScreen.xib in Resources */ = {isa = PBXBuildFile; fileRef = CA8E2ADB1B70FDB900A1EC4F /* LaunchScreen.xib */; };
		CAD11FA41B713201003ED990 /* MainStoryboard_iPad.storyboard in Resources */ = {isa = PBXBuildFile; fileRef = CAD11FA21B713201003ED990 /* MainStoryboard_iPad.storyboard */; };
		CAD11FA51B713201003ED990 /* MainStoryboard_iPhone.storyboard in Resources */ = {isa = PBXBuildFile; fileRef = CAD11FA31B713201003ED990 /* MainStoryboard_iPhone.storyboard */; };
		CAD11FAD1B7138CD003ED990 /* switch_camera-32.png in Resources */ = {isa = PBXBuildFile; fileRef = CAD11FAC1B7138CD003ED990 /* switch_camera-32.png */; };
		CAD11FAF1B713977003ED990 /* camera-32.png in Resources */ = {isa = PBXBuildFile; fileRef = CAD11FAE1B713977003ED990 /* camera-32.png */; };
		CAD11FB41B716C84003ED990 /* happy-32.png in Resources */ = {isa = PBXBuildFile; fileRef = CAD11FB21B716C84003ED990 /* happy-32.png */; };
		CAD11FB51B716C84003ED990 /* name-32.png in Resources */ = {isa = PBXBuildFile; fileRef = CAD11FB31B716C84003ED990 /* name-32.png */; };
		CAD11FB71B716D99003ED990 /* settings-32.png in Resources */ = {isa = PBXBuildFile; fileRef = CAD11FB61B716D99003ED990 /* settings-32.png */; };
		CAD11FDE1B7209B5003ED990 /* Accelerate.framework in Frameworks */ = {isa = PBXBuildFile; fileRef = CAD11FDD1B7209B5003ED990 /* Accelerate.framework */; };
		CAD11FE51B7209FA003ED990 /* AssetsLibrary.framework in Frameworks */ = {isa = PBXBuildFile; fileRef = CAD11FDF1B7209FA003ED990 /* AssetsLibrary.framework */; };
		CAD11FE61B7209FA003ED990 /* AVFoundation.framework in Frameworks */ = {isa = PBXBuildFile; fileRef = CAD11FE01B7209FA003ED990 /* AVFoundation.framework */; };
		CAD11FE71B7209FA003ED990 /* CoreImage.framework in Frameworks */ = {isa = PBXBuildFile; fileRef = CAD11FE11B7209FA003ED990 /* CoreImage.framework */; };
		CAD11FE81B7209FA003ED990 /* CoreMedia.framework in Frameworks */ = {isa = PBXBuildFile; fileRef = CAD11FE21B7209FA003ED990 /* CoreMedia.framework */; };
		CAD11FE91B7209FA003ED990 /* CoreVideo.framework in Frameworks */ = {isa = PBXBuildFile; fileRef = CAD11FE31B7209FA003ED990 /* CoreVideo.framework */; };
		CAD11FEA1B7209FA003ED990 /* QuartzCore.framework in Frameworks */ = {isa = PBXBuildFile; fileRef = CAD11FE41B7209FA003ED990 /* QuartzCore.framework */; };
		CAD11FF01B720B80003ED990 /* Foundation.framework in Frameworks */ = {isa = PBXBuildFile; fileRef = CAD11FEF1B720B80003ED990 /* Foundation.framework */; };
		CAD11FF21B720B88003ED990 /* CoreGraphics.framework in Frameworks */ = {isa = PBXBuildFile; fileRef = CAD11FF11B720B88003ED990 /* CoreGraphics.framework */; };
		CAD11FF71B720CDD003ED990 /* ImageIO.framework in Frameworks */ = {isa = PBXBuildFile; fileRef = CAD11FF61B720CDD003ED990 /* ImageIO.framework */; };
		CAD11FF91B720D32003ED990 /* UIKit.framework in Frameworks */ = {isa = PBXBuildFile; fileRef = CAD11FF81B720D32003ED990 /* UIKit.framework */; };
		CAD11FFE1B720FD4003ED990 /* opencv2.framework in Frameworks */ = {isa = PBXBuildFile; fileRef = CAD11FFD1B720FD4003ED990 /* opencv2.framework */; };
/* End PBXBuildFile section */

/* Begin PBXFileReference section */
		CA3CB50F1B7378230056E3C9 /* imageConversion.h */ = {isa = PBXFileReference; fileEncoding = 4; lastKnownFileType = sourcecode.c.h; path = imageConversion.h; sourceTree = "<group>"; };
		CA3CB5101B7378230056E3C9 /* imageConversion.mm */ = {isa = PBXFileReference; fileEncoding = 4; lastKnownFileType = sourcecode.cpp.objcpp; path = imageConversion.mm; sourceTree = "<group>"; };
		CA3CB5121B737C3C0056E3C9 /* trackerWrapper.h */ = {isa = PBXFileReference; fileEncoding = 4; lastKnownFileType = sourcecode.c.h; name = trackerWrapper.h; path = ../trackerWrapper.h; sourceTree = "<group>"; };
		CA3CB5131B737C3C0056E3C9 /* trackerWrapper.mm */ = {isa = PBXFileReference; fileEncoding = 4; lastKnownFileType = sourcecode.cpp.objcpp; name = trackerWrapper.mm; path = ../trackerWrapper.mm; sourceTree = "<group>"; };
		CA4E2B041B7365B7005E92C5 /* CLM.cc */ = {isa = PBXFileReference; fileEncoding = 4; lastKnownFileType = sourcecode.cpp.cpp; path = CLM.cc; sourceTree = "<group>"; };
		CA4E2B051B7365B7005E92C5 /* CLM.h */ = {isa = PBXFileReference; fileEncoding = 4; lastKnownFileType = sourcecode.c.h; path = CLM.h; sourceTree = "<group>"; };
		CA4E2B061B7365B7005E92C5 /* FCheck.cc */ = {isa = PBXFileReference; fileEncoding = 4; lastKnownFileType = sourcecode.cpp.cpp; path = FCheck.cc; sourceTree = "<group>"; };
		CA4E2B071B7365B7005E92C5 /* FCheck.h */ = {isa = PBXFileReference; fileEncoding = 4; lastKnownFileType = sourcecode.c.h; path = FCheck.h; sourceTree = "<group>"; };
		CA4E2B081B7365B7005E92C5 /* FDet.cc */ = {isa = PBXFileReference; fileEncoding = 4; lastKnownFileType = sourcecode.cpp.cpp; path = FDet.cc; sourceTree = "<group>"; };
		CA4E2B091B7365B7005E92C5 /* FDet.h */ = {isa = PBXFileReference; fileEncoding = 4; lastKnownFileType = sourcecode.c.h; path = FDet.h; sourceTree = "<group>"; };
		CA4E2B0A1B7365B7005E92C5 /* IO.cc */ = {isa = PBXFileReference; fileEncoding = 4; lastKnownFileType = sourcecode.cpp.cpp; path = IO.cc; sourceTree = "<group>"; };
		CA4E2B0B1B7365B7005E92C5 /* IO.h */ = {isa = PBXFileReference; fileEncoding = 4; lastKnownFileType = sourcecode.c.h; path = IO.h; sourceTree = "<group>"; };
		CA4E2B0C1B7365B7005E92C5 /* Patch.cc */ = {isa = PBXFileReference; fileEncoding = 4; lastKnownFileType = sourcecode.cpp.cpp; path = Patch.cc; sourceTree = "<group>"; };
		CA4E2B0D1B7365B7005E92C5 /* Patch.h */ = {isa = PBXFileReference; fileEncoding = 4; lastKnownFileType = sourcecode.c.h; path = Patch.h; sourceTree = "<group>"; };
		CA4E2B0E1B7365B7005E92C5 /* PAW.cc */ = {isa = PBXFileReference; fileEncoding = 4; lastKnownFileType = sourcecode.cpp.cpp; path = PAW.cc; sourceTree = "<group>"; };
		CA4E2B0F1B7365B7005E92C5 /* PAW.h */ = {isa = PBXFileReference; fileEncoding = 4; lastKnownFileType = sourcecode.c.h; path = PAW.h; sourceTree = "<group>"; };
		CA4E2B101B7365B7005E92C5 /* PDM.cc */ = {isa = PBXFileReference; fileEncoding = 4; lastKnownFileType = sourcecode.cpp.cpp; path = PDM.cc; sourceTree = "<group>"; };
		CA4E2B111B7365B7005E92C5 /* PDM.h */ = {isa = PBXFileReference; fileEncoding = 4; lastKnownFileType = sourcecode.c.h; path = PDM.h; sourceTree = "<group>"; };
		CA4E2B121B7365B7005E92C5 /* Tracker.cc */ = {isa = PBXFileReference; fileEncoding = 4; lastKnownFileType = sourcecode.cpp.cpp; path = Tracker.cc; sourceTree = "<group>"; };
		CA4E2B131B7365B7005E92C5 /* Tracker.h */ = {isa = PBXFileReference; fileEncoding = 4; lastKnownFileType = sourcecode.c.h; path = Tracker.h; sourceTree = "<group>"; };
		CA4E2B1D1B7365FD005E92C5 /* face.con */ = {isa = PBXFileReference; fileEncoding = 4; lastKnownFileType = text; path = face.con; sourceTree = "<group>"; };
		CA4E2B1E1B7365FD005E92C5 /* face.tracker */ = {isa = PBXFileReference; fileEncoding = 4; lastKnownFileType = text; path = face.tracker; sourceTree = "<group>"; };
		CA4E2B1F1B7365FD005E92C5 /* face.tri */ = {isa = PBXFileReference; fileEncoding = 4; lastKnownFileType = text; path = face.tri; sourceTree = "<group>"; };
		CA4E2B201B7365FD005E92C5 /* face2.tracker */ = {isa = PBXFileReference; fileEncoding = 4; lastKnownFileType = text; path = face2.tracker; sourceTree = "<group>"; };
		CA8E2AC91B70FDB900A1EC4F /* FaceTracker.app */ = {isa = PBXFileReference; explicitFileType = wrapper.application; includeInIndex = 0; path = FaceTracker.app; sourceTree = BUILT_PRODUCTS_DIR; };
		CA8E2ACD1B70FDB900A1EC4F /* Info.plist */ = {isa = PBXFileReference; lastKnownFileType = text.plist.xml; path = Info.plist; sourceTree = "<group>"; };
		CA8E2ACE1B70FDB900A1EC4F /* main.m */ = {isa = PBXFileReference; lastKnownFileType = sourcecode.c.objc; path = main.m; sourceTree = "<group>"; };
		CA8E2AD01B70FDB900A1EC4F /* AppDelegate.h */ = {isa = PBXFileReference; lastKnownFileType = sourcecode.c.h; path = AppDelegate.h; sourceTree = "<group>"; };
		CA8E2AD11B70FDB900A1EC4F /* AppDelegate.m */ = {isa = PBXFileReference; lastKnownFileType = sourcecode.c.objc; path = AppDelegate.m; sourceTree = "<group>"; };
		CA8E2AD31B70FDB900A1EC4F /* ViewController.h */ = {isa = PBXFileReference; lastKnownFileType = sourcecode.c.h; path = ViewController.h; sourceTree = "<group>"; };
		CA8E2AD41B70FDB900A1EC4F /* ViewController.m */ = {isa = PBXFileReference; lastKnownFileType = sourcecode.c.objc; path = ViewController.m; sourceTree = "<group>"; };
		CA8E2AD91B70FDB900A1EC4F /* Images.xcassets */ = {isa = PBXFileReference; lastKnownFileType = folder.assetcatalog; path = Images.xcassets; sourceTree = "<group>"; };
		CA8E2ADC1B70FDB900A1EC4F /* Base */ = {isa = PBXFileReference; lastKnownFileType = file.xib; name = Base; path = Base.lproj/LaunchScreen.xib; sourceTree = "<group>"; };
		CAD11FA21B713201003ED990 /* MainStoryboard_iPad.storyboard */ = {isa = PBXFileReference; fileEncoding = 4; lastKnownFileType = file.storyboard; path = MainStoryboard_iPad.storyboard; sourceTree = "<group>"; };
		CAD11FA31B713201003ED990 /* MainStoryboard_iPhone.storyboard */ = {isa = PBXFileReference; fileEncoding = 4; lastKnownFileType = file.storyboard; path = MainStoryboard_iPhone.storyboard; sourceTree = "<group>"; };
		CAD11FAC1B7138CD003ED990 /* switch_camera-32.png */ = {isa = PBXFileReference; lastKnownFileType = image.png; path = "switch_camera-32.png"; sourceTree = "<group>"; };
		CAD11FAE1B713977003ED990 /* camera-32.png */ = {isa = PBXFileReference; lastKnownFileType = image.png; path = "camera-32.png"; sourceTree = "<group>"; };
		CAD11FB21B716C84003ED990 /* happy-32.png */ = {isa = PBXFileReference; lastKnownFileType = image.png; path = "happy-32.png"; sourceTree = "<group>"; };
		CAD11FB31B716C84003ED990 /* name-32.png */ = {isa = PBXFileReference; lastKnownFileType = image.png; path = "name-32.png"; sourceTree = "<group>"; };
		CAD11FB61B716D99003ED990 /* settings-32.png */ = {isa = PBXFileReference; lastKnownFileType = image.png; path = "settings-32.png"; sourceTree = "<group>"; };
		CAD11FDD1B7209B5003ED990 /* Accelerate.framework */ = {isa = PBXFileReference; lastKnownFileType = wrapper.framework; name = Accelerate.framework; path = System/Library/Frameworks/Accelerate.framework; sourceTree = SDKROOT; };
		CAD11FDF1B7209FA003ED990 /* AssetsLibrary.framework */ = {isa = PBXFileReference; lastKnownFileType = wrapper.framework; name = AssetsLibrary.framework; path = System/Library/Frameworks/AssetsLibrary.framework; sourceTree = SDKROOT; };
		CAD11FE01B7209FA003ED990 /* AVFoundation.framework */ = {isa = PBXFileReference; lastKnownFileType = wrapper.framework; name = AVFoundation.framework; path = System/Library/Frameworks/AVFoundation.framework; sourceTree = SDKROOT; };
		CAD11FE11B7209FA003ED990 /* CoreImage.framework */ = {isa = PBXFileReference; lastKnownFileType = wrapper.framework; name = CoreImage.framework; path = System/Library/Frameworks/CoreImage.framework; sourceTree = SDKROOT; };
		CAD11FE21B7209FA003ED990 /* CoreMedia.framework */ = {isa = PBXFileReference; lastKnownFileType = wrapper.framework; name = CoreMedia.framework; path = System/Library/Frameworks/CoreMedia.framework; sourceTree = SDKROOT; };
		CAD11FE31B7209FA003ED990 /* CoreVideo.framework */ = {isa = PBXFileReference; lastKnownFileType = wrapper.framework; name = CoreVideo.framework; path = System/Library/Frameworks/CoreVideo.framework; sourceTree = SDKROOT; };
		CAD11FE41B7209FA003ED990 /* QuartzCore.framework */ = {isa = PBXFileReference; lastKnownFileType = wrapper.framework; name = QuartzCore.framework; path = System/Library/Frameworks/QuartzCore.framework; sourceTree = SDKROOT; };
		CAD11FEF1B720B80003ED990 /* Foundation.framework */ = {isa = PBXFileReference; lastKnownFileType = wrapper.framework; name = Foundation.framework; path = System/Library/Frameworks/Foundation.framework; sourceTree = SDKROOT; };
		CAD11FF11B720B88003ED990 /* CoreGraphics.framework */ = {isa = PBXFileReference; lastKnownFileType = wrapper.framework; name = CoreGraphics.framework; path = System/Library/Frameworks/CoreGraphics.framework; sourceTree = SDKROOT; };
		CAD11FF61B720CDD003ED990 /* ImageIO.framework */ = {isa = PBXFileReference; lastKnownFileType = wrapper.framework; name = ImageIO.framework; path = System/Library/Frameworks/ImageIO.framework; sourceTree = SDKROOT; };
		CAD11FF81B720D32003ED990 /* UIKit.framework */ = {isa = PBXFileReference; lastKnownFileType = wrapper.framework; name = UIKit.framework; path = System/Library/Frameworks/UIKit.framework; sourceTree = SDKROOT; };
		CAD11FFD1B720FD4003ED990 /* opencv2.framework */ = {isa = PBXFileReference; lastKnownFileType = wrapper.framework; path = opencv2.framework; sourceTree = "<group>"; };
/* End PBXFileReference section */

/* Begin PBXFrameworksBuildPhase section */
		CA8E2AC61B70FDB900A1EC4F /* Frameworks */ = {
			isa = PBXFrameworksBuildPhase;
			buildActionMask = 2147483647;
			files = (
				CAD11FF91B720D32003ED990 /* UIKit.framework in Frameworks */,
				CAD11FF71B720CDD003ED990 /* ImageIO.framework in Frameworks */,
				CAD11FF21B720B88003ED990 /* CoreGraphics.framework in Frameworks */,
				CAD11FF01B720B80003ED990 /* Foundation.framework in Frameworks */,
				CAD11FE51B7209FA003ED990 /* AssetsLibrary.framework in Frameworks */,
				CAD11FE61B7209FA003ED990 /* AVFoundation.framework in Frameworks */,
				CAD11FFE1B720FD4003ED990 /* opencv2.framework in Frameworks */,
				CAD11FE71B7209FA003ED990 /* CoreImage.framework in Frameworks */,
				CAD11FE81B7209FA003ED990 /* CoreMedia.framework in Frameworks */,
				CAD11FE91B7209FA003ED990 /* CoreVideo.framework in Frameworks */,
				CAD11FEA1B7209FA003ED990 /* QuartzCore.framework in Frameworks */,
				CAD11FDE1B7209B5003ED990 /* Accelerate.framework in Frameworks */,
			);
			runOnlyForDeploymentPostprocessing = 0;
		};
/* End PBXFrameworksBuildPhase section */

/* Begin PBXGroup section */
		CA4E2B031B7365B7005E92C5 /* FaceTracker Library */ = {
			isa = PBXGroup;
			children = (
				CA4E2B041B7365B7005E92C5 /* CLM.cc */,
				CA4E2B051B7365B7005E92C5 /* CLM.h */,
				CA4E2B061B7365B7005E92C5 /* FCheck.cc */,
				CA4E2B071B7365B7005E92C5 /* FCheck.h */,
				CA4E2B081B7365B7005E92C5 /* FDet.cc */,
				CA4E2B091B7365B7005E92C5 /* FDet.h */,
				CA4E2B0A1B7365B7005E92C5 /* IO.cc */,
				CA4E2B0B1B7365B7005E92C5 /* IO.h */,
				CA4E2B0C1B7365B7005E92C5 /* Patch.cc */,
				CA4E2B0D1B7365B7005E92C5 /* Patch.h */,
				CA4E2B0E1B7365B7005E92C5 /* PAW.cc */,
				CA4E2B0F1B7365B7005E92C5 /* PAW.h */,
				CA4E2B101B7365B7005E92C5 /* PDM.cc */,
				CA4E2B111B7365B7005E92C5 /* PDM.h */,
				CA4E2B121B7365B7005E92C5 /* Tracker.cc */,
				CA4E2B131B7365B7005E92C5 /* Tracker.h */,
			);
			name = "FaceTracker Library";
			path = FaceTrackerLibrary;
			sourceTree = "<group>";
		};
		CA4E2B1C1B7365FD005E92C5 /* FaceTracker Model */ = {
			isa = PBXGroup;
			children = (
				CA4E2B1D1B7365FD005E92C5 /* face.con */,
				CA4E2B1E1B7365FD005E92C5 /* face.tracker */,
				CA4E2B1F1B7365FD005E92C5 /* face.tri */,
				CA4E2B201B7365FD005E92C5 /* face2.tracker */,
			);
			name = "FaceTracker Model";
			path = Model;
			sourceTree = SOURCE_ROOT;
		};
		CA8E2AC01B70FDB900A1EC4F = {
			isa = PBXGroup;
			children = (
				CA4E2B1C1B7365FD005E92C5 /* FaceTracker Model */,
				CA4E2B031B7365B7005E92C5 /* FaceTracker Library */,
				CA8E2ACB1B70FDB900A1EC4F /* Face Tracking App */,
				CA8E2ACA1B70FDB900A1EC4F /* Products */,
			);
			sourceTree = "<group>";
		};
		CA8E2ACA1B70FDB900A1EC4F /* Products */ = {
			isa = PBXGroup;
			children = (
				CA8E2AC91B70FDB900A1EC4F /* FaceTracker.app */,
			);
			name = Products;
			sourceTree = "<group>";
		};
		CA8E2ACB1B70FDB900A1EC4F /* Face Tracking App */ = {
			isa = PBXGroup;
			children = (
				CA3CB50F1B7378230056E3C9 /* imageConversion.h */,
				CA3CB5101B7378230056E3C9 /* imageConversion.mm */,
				CAD120191B7231A7003ED990 /* Frameworks */,
				CAD11FC11B7173A6003ED990 /* Icons */,
				CA3CB5131B737C3C0056E3C9 /* trackerWrapper.mm */,
				CA3CB5121B737C3C0056E3C9 /* trackerWrapper.h */,
				CA8E2AD01B70FDB900A1EC4F /* AppDelegate.h */,
				CA8E2AD11B70FDB900A1EC4F /* AppDelegate.m */,
				CA8E2AD31B70FDB900A1EC4F /* ViewController.h */,
				CA8E2AD41B70FDB900A1EC4F /* ViewController.m */,
				CAD11FA21B713201003ED990 /* MainStoryboard_iPad.storyboard */,
				CAD11FA31B713201003ED990 /* MainStoryboard_iPhone.storyboard */,
				CA8E2AD91B70FDB900A1EC4F /* Images.xcassets */,
				CA8E2ADB1B70FDB900A1EC4F /* LaunchScreen.xib */,
				CA8E2ACC1B70FDB900A1EC4F /* Supporting Files */,
			);
			name = "Face Tracking App";
			path = FaceTracker;
			sourceTree = "<group>";
		};
		CA8E2ACC1B70FDB900A1EC4F /* Supporting Files */ = {
			isa = PBXGroup;
			children = (
				CA8E2ACD1B70FDB900A1EC4F /* Info.plist */,
				CA8E2ACE1B70FDB900A1EC4F /* main.m */,
			);
			name = "Supporting Files";
			sourceTree = "<group>";
		};
		CAD11FC11B7173A6003ED990 /* Icons */ = {
			isa = PBXGroup;
			children = (
				CAD11FB61B716D99003ED990 /* settings-32.png */,
				CAD11FB21B716C84003ED990 /* happy-32.png */,
				CAD11FB31B716C84003ED990 /* name-32.png */,
				CAD11FAE1B713977003ED990 /* camera-32.png */,
				CAD11FAC1B7138CD003ED990 /* switch_camera-32.png */,
			);
			name = Icons;
			sourceTree = "<group>";
		};
		CAD120191B7231A7003ED990 /* Frameworks */ = {
			isa = PBXGroup;
			children = (
				CAD11FFD1B720FD4003ED990 /* opencv2.framework */,
				CAD11FF81B720D32003ED990 /* UIKit.framework */,
				CAD11FF61B720CDD003ED990 /* ImageIO.framework */,
				CAD11FF11B720B88003ED990 /* CoreGraphics.framework */,
				CAD11FEF1B720B80003ED990 /* Foundation.framework */,
				CAD11FDF1B7209FA003ED990 /* AssetsLibrary.framework */,
				CAD11FE01B7209FA003ED990 /* AVFoundation.framework */,
				CAD11FE11B7209FA003ED990 /* CoreImage.framework */,
				CAD11FE21B7209FA003ED990 /* CoreMedia.framework */,
				CAD11FE31B7209FA003ED990 /* CoreVideo.framework */,
				CAD11FE41B7209FA003ED990 /* QuartzCore.framework */,
				CAD11FDD1B7209B5003ED990 /* Accelerate.framework */,
			);
			name = Frameworks;
			path = ..;
			sourceTree = "<group>";
		};
/* End PBXGroup section */

/* Begin PBXNativeTarget section */
		CA8E2AC81B70FDB900A1EC4F /* FaceTracker */ = {
			isa = PBXNativeTarget;
			buildConfigurationList = CA8E2AEC1B70FDB900A1EC4F /* Build configuration list for PBXNativeTarget "FaceTracker" */;
			buildPhases = (
				CA8E2AC51B70FDB900A1EC4F /* Sources */,
				CA8E2AC61B70FDB900A1EC4F /* Frameworks */,
				CA8E2AC71B70FDB900A1EC4F /* Resources */,
			);
			buildRules = (
			);
			dependencies = (
			);
			name = FaceTracker;
			productName = FaceTracker;
			productReference = CA8E2AC91B70FDB900A1EC4F /* FaceTracker.app */;
			productType = "com.apple.product-type.application";
		};
/* End PBXNativeTarget section */

/* Begin PBXProject section */
		CA8E2AC11B70FDB900A1EC4F /* Project object */ = {
			isa = PBXProject;
			attributes = {
				LastUpgradeCheck = 0640;
				ORGANIZATIONNAME = "Matthew Jones";
				TargetAttributes = {
					CA8E2AC81B70FDB900A1EC4F = {
						CreatedOnToolsVersion = 6.4;
						DevelopmentTeam = P7HLW8563P;
					};
				};
			};
			buildConfigurationList = CA8E2AC41B70FDB900A1EC4F /* Build configuration list for PBXProject "FaceTracker" */;
			compatibilityVersion = "Xcode 3.2";
			developmentRegion = English;
			hasScannedForEncodings = 0;
			knownRegions = (
				en,
				Base,
			);
			mainGroup = CA8E2AC01B70FDB900A1EC4F;
			productRefGroup = CA8E2ACA1B70FDB900A1EC4F /* Products */;
			projectDirPath = "";
			projectRoot = "";
			targets = (
				CA8E2AC81B70FDB900A1EC4F /* FaceTracker */,
			);
		};
/* End PBXProject section */

/* Begin PBXResourcesBuildPhase section */
		CA8E2AC71B70FDB900A1EC4F /* Resources */ = {
			isa = PBXResourcesBuildPhase;
			buildActionMask = 2147483647;
			files = (
				CA4E2B231B7365FD005E92C5 /* face.tri in Resources */,
				CAD11FA51B713201003ED990 /* MainStoryboard_iPhone.storyboard in Resources */,
				CAD11FB51B716C84003ED990 /* name-32.png in Resources */,
				CAD11FA41B713201003ED990 /* MainStoryboard_iPad.storyboard in Resources */,
				CAD11FAF1B713977003ED990 /* camera-32.png in Resources */,
				CAD11FB41B716C84003ED990 /* happy-32.png in Resources */,
				CA4E2B211B7365FD005E92C5 /* face.con in Resources */,
				CA8E2ADD1B70FDB900A1EC4F /* LaunchScreen.xib in Resources */,
				CA4E2B241B7365FD005E92C5 /* face2.tracker in Resources */,
				CA8E2ADA1B70FDB900A1EC4F /* Images.xcassets in Resources */,
				CA4E2B221B7365FD005E92C5 /* face.tracker in Resources */,
				CAD11FAD1B7138CD003ED990 /* switch_camera-32.png in Resources */,
				CAD11FB71B716D99003ED990 /* settings-32.png in Resources */,
			);
			runOnlyForDeploymentPostprocessing = 0;
		};
/* End PBXResourcesBuildPhase section */

/* Begin PBXSourcesBuildPhase section */
		CA8E2AC51B70FDB900A1EC4F /* Sources */ = {
			isa = PBXSourcesBuildPhase;
			buildActionMask = 2147483647;
			files = (
				CA8E2AD51B70FDB900A1EC4F /* ViewController.m in Sources */,
				CA4E2B171B7365B7005E92C5 /* IO.cc in Sources */,
				CA3CB5111B7378230056E3C9 /* imageConversion.mm in Sources */,
				CA8E2AD21B70FDB900A1EC4F /* AppDelegate.m in Sources */,
				CA4E2B191B7365B7005E92C5 /* PAW.cc in Sources */,
				CA4E2B1B1B7365B7005E92C5 /* Tracker.cc in Sources */,
				CA4E2B151B7365B7005E92C5 /* FCheck.cc in Sources */,
				CA3CB5141B737C3C0056E3C9 /* trackerWrapper.mm in Sources */,
				CA8E2ACF1B70FDB900A1EC4F /* main.m in Sources */,
				CA4E2B1A1B7365B7005E92C5 /* PDM.cc in Sources */,
				CA4E2B181B7365B7005E92C5 /* Patch.cc in Sources */,
				CA4E2B141B7365B7005E92C5 /* CLM.cc in Sources */,
				CA4E2B161B7365B7005E92C5 /* FDet.cc in Sources */,
			);
			runOnlyForDeploymentPostprocessing = 0;
		};
/* End PBXSourcesBuildPhase section */

/* Begin PBXVariantGroup section */
		CA8E2ADB1B70FDB900A1EC4F /* LaunchScreen.xib */ = {
			isa = PBXVariantGroup;
			children = (
				CA8E2ADC1B70FDB900A1EC4F /* Base */,
			);
			name = LaunchScreen.xib;
			sourceTree = "<group>";
		};
/* End PBXVariantGroup section */

/* Begin XCBuildConfiguration section */
		CA8E2AEA1B70FDB900A1EC4F /* Debug */ = {
			isa = XCBuildConfiguration;
			buildSettings = {
				ALWAYS_SEARCH_USER_PATHS = NO;
				CLANG_CXX_LANGUAGE_STANDARD = "gnu++0x";
				CLANG_CXX_LIBRARY = "libc++";
				CLANG_ENABLE_MODULES = YES;
				CLANG_ENABLE_OBJC_ARC = YES;
				CLANG_WARN_BOOL_CONVERSION = YES;
				CLANG_WARN_CONSTANT_CONVERSION = YES;
				CLANG_WARN_DIRECT_OBJC_ISA_USAGE = YES_ERROR;
				CLANG_WARN_EMPTY_BODY = YES;
				CLANG_WARN_ENUM_CONVERSION = YES;
				CLANG_WARN_INT_CONVERSION = YES;
				CLANG_WARN_OBJC_ROOT_CLASS = YES_ERROR;
				CLANG_WARN_UNREACHABLE_CODE = YES;
				CLANG_WARN__DUPLICATE_METHOD_MATCH = YES;
				"CODE_SIGN_IDENTITY[sdk=iphoneos*]" = "iPhone Developer";
				COPY_PHASE_STRIP = NO;
				DEBUG_INFORMATION_FORMAT = "dwarf-with-dsym";
				ENABLE_STRICT_OBJC_MSGSEND = YES;
				GCC_C_LANGUAGE_STANDARD = gnu99;
				GCC_DYNAMIC_NO_PIC = NO;
				GCC_NO_COMMON_BLOCKS = YES;
				GCC_OPTIMIZATION_LEVEL = 0;
				GCC_PREPROCESSOR_DEFINITIONS = (
					"DEBUG=1",
					"$(inherited)",
				);
				GCC_SYMBOLS_PRIVATE_EXTERN = NO;
				GCC_WARN_64_TO_32_BIT_CONVERSION = YES;
				GCC_WARN_ABOUT_RETURN_TYPE = YES_ERROR;
				GCC_WARN_UNDECLARED_SELECTOR = YES;
				GCC_WARN_UNINITIALIZED_AUTOS = YES_AGGRESSIVE;
				GCC_WARN_UNUSED_FUNCTION = YES;
				GCC_WARN_UNUSED_VARIABLE = YES;
				IPHONEOS_DEPLOYMENT_TARGET = 8.4;
				MTL_ENABLE_DEBUG_INFO = YES;
				ONLY_ACTIVE_ARCH = YES;
				SDKROOT = iphoneos;
				TARGETED_DEVICE_FAMILY = "1,2";
			};
			name = Debug;
		};
		CA8E2AEB1B70FDB900A1EC4F /* Release */ = {
			isa = XCBuildConfiguration;
			buildSettings = {
				ALWAYS_SEARCH_USER_PATHS = NO;
				CLANG_CXX_LANGUAGE_STANDARD = "gnu++0x";
				CLANG_CXX_LIBRARY = "libc++";
				CLANG_ENABLE_MODULES = YES;
				CLANG_ENABLE_OBJC_ARC = YES;
				CLANG_WARN_BOOL_CONVERSION = YES;
				CLANG_WARN_CONSTANT_CONVERSION = YES;
				CLANG_WARN_DIRECT_OBJC_ISA_USAGE = YES_ERROR;
				CLANG_WARN_EMPTY_BODY = YES;
				CLANG_WARN_ENUM_CONVERSION = YES;
				CLANG_WARN_INT_CONVERSION = YES;
				CLANG_WARN_OBJC_ROOT_CLASS = YES_ERROR;
				CLANG_WARN_UNREACHABLE_CODE = YES;
				CLANG_WARN__DUPLICATE_METHOD_MATCH = YES;
				"CODE_SIGN_IDENTITY[sdk=iphoneos*]" = "iPhone Developer";
				COPY_PHASE_STRIP = NO;
				DEBUG_INFORMATION_FORMAT = "dwarf-with-dsym";
				ENABLE_NS_ASSERTIONS = NO;
				ENABLE_STRICT_OBJC_MSGSEND = YES;
				GCC_C_LANGUAGE_STANDARD = gnu99;
				GCC_NO_COMMON_BLOCKS = YES;
				GCC_WARN_64_TO_32_BIT_CONVERSION = YES;
				GCC_WARN_ABOUT_RETURN_TYPE = YES_ERROR;
				GCC_WARN_UNDECLARED_SELECTOR = YES;
				GCC_WARN_UNINITIALIZED_AUTOS = YES_AGGRESSIVE;
				GCC_WARN_UNUSED_FUNCTION = YES;
				GCC_WARN_UNUSED_VARIABLE = YES;
				IPHONEOS_DEPLOYMENT_TARGET = 8.4;
				MTL_ENABLE_DEBUG_INFO = NO;
				SDKROOT = iphoneos;
				TARGETED_DEVICE_FAMILY = "1,2";
				VALIDATE_PRODUCT = YES;
			};
			name = Release;
		};
		CA8E2AED1B70FDB900A1EC4F /* Debug */ = {
			isa = XCBuildConfiguration;
			buildSettings = {
				ASSETCATALOG_COMPILER_APPICON_NAME = "AppIcon-1";
				CODE_SIGN_IDENTITY = "iPhone Developer";
				FRAMEWORK_SEARCH_PATHS = (
					"$(inherited)",
					"$(PROJECT_DIR)/FaceTracker",
					"$(PROJECT_DIR)",
					/Users/matthewjones/Desktop/FaceTracker2,
					/Users/matthewjones/Desktop,
				);
				GCC_INPUT_FILETYPE = sourcecode.cpp.objcpp;
				GCC_PRECOMPILE_PREFIX_HEADER = NO;
				HEADER_SEARCH_PATHS = (
					"$(inherited)",
					/Applications/Xcode.app/Contents/Developer/Toolchains/XcodeDefault.xctoolchain/usr/include,
					/Users/matthewjones/Dropbox/Uni/CUROP/facetrackerios/Facetracker/FaceTrackerLibrary,
				);
				"HEADER_SEARCH_PATHS[arch=*]" = "$(PROJECT_DIR)/FaceTracker";
				INFOPLIST_FILE = FaceTracker/Info.plist;
				LD_RUNPATH_SEARCH_PATHS = "$(inherited) @executable_path/Frameworks";
				LIBRARY_SEARCH_PATHS = (
					"$(inherited)",
					"$(PROJECT_DIR)/FaceTracker",
				);
				"LIBRARY_SEARCH_PATHS[arch=*]" = (
					"$(inherited)",
					"$(PROJECT_DIR)/FaceTrackerLibrary",
				);
				PRODUCT_NAME = "$(TARGET_NAME)";
				TARGETED_DEVICE_FAMILY = "1,2";
			};
			name = Debug;
		};
		CA8E2AEE1B70FDB900A1EC4F /* Release */ = {
			isa = XCBuildConfiguration;
			buildSettings = {
				ASSETCATALOG_COMPILER_APPICON_NAME = "AppIcon-1";
				CODE_SIGN_IDENTITY = "iPhone Developer";
				FRAMEWORK_SEARCH_PATHS = (
					"$(inherited)",
					"$(PROJECT_DIR)/FaceTracker",
					"$(PROJECT_DIR)",
					/Users/matthewjones/Desktop/FaceTracker2,
					/Users/matthewjones/Desktop,
				);
				GCC_INPUT_FILETYPE = sourcecode.cpp.objcpp;
				GCC_PRECOMPILE_PREFIX_HEADER = NO;
				HEADER_SEARCH_PATHS = (
					"$(inherited)",
					/Applications/Xcode.app/Contents/Developer/Toolchains/XcodeDefault.xctoolchain/usr/include,
					"$(PROJECT_DIR)/FaceTracker",
				);
				"HEADER_SEARCH_PATHS[arch=*]" = (
					"$(inherited)",
					/Applications/Xcode.app/Contents/Developer/Toolchains/XcodeDefault.xctoolchain/usr/include,
					"$(PROJECT_DIR)/FaceTracker",
				);
				INFOPLIST_FILE = FaceTracker/Info.plist;
				LD_RUNPATH_SEARCH_PATHS = "$(inherited) @executable_path/Frameworks";
				LIBRARY_SEARCH_PATHS = (
					"$(inherited)",
					"$(PROJECT_DIR)/FaceTrackerLibrary",
				);
				PRODUCT_NAME = "$(TARGET_NAME)";
				TARGETED_DEVICE_FAMILY = "1,2";
			};
			name = Release;
		};
/* End XCBuildConfiguration section */

/* Begin XCConfigurationList section */
		CA8E2AC41B70FDB900A1EC4F /* Build configuration list for PBXProject "FaceTracker" */ = {
			isa = XCConfigurationList;
			buildConfigurations = (
				CA8E2AEA1B70FDB900A1EC4F /* Debug */,
				CA8E2AEB1B70FDB900A1EC4F /* Release */,
			);
			defaultConfigurationIsVisible = 0;
			defaultConfigurationName = Release;
		};
		CA8E2AEC1B70FDB900A1EC4F /* Build configuration list for PBXNativeTarget "FaceTracker" */ = {
			isa = XCConfigurationList;
			buildConfigurations = (
				CA8E2AED1B70FDB900A1EC4F /* Debug */,
				CA8E2AEE1B70FDB900A1EC4F /* Release */,
			);
			defaultConfigurationIsVisible = 0;
			defaultConfigurationName = Release;
		};
/* End XCConfigurationList section */
	};
	rootObject = CA8E2AC11B70FDB900A1EC4F /* Project object */;
}
